
Microsoft Visual Studio Solution File, Format Version 12.00
# Visual Studio Version 17
VisualStudioVersion = 17.4.33213.308
MinimumVisualStudioVersion = 10.0.40219.1
Project("{FAE04EC0-301F-11D3-BF4B-00C04F79EFBC}") = "RazorPagesMovie", "RazorPagesMovie.csproj", "{667DC81D-3497-49F4-B38B-3A012C1D92A8}"
EndProject
Global
	GlobalSection(SolutionConfigurationPlatforms) = preSolution
		Debug|Any CPU = Debug|Any CPU
		Release|Any CPU = Release|Any CPU
	EndGlobalSection
	GlobalSection(ProjectConfigurationPlatforms) = postSolution
		{667DC81D-3497-49F4-B38B-3A012C1D92A8}.Debug|Any CPU.ActiveCfg = Debug|Any CPU
		{667DC81D-3497-49F4-B38B-3A012C1D92A8}.Debug|Any CPU.Build.0 = Debug|Any CPU
		{667DC81D-3497-49F4-B38B-3A012C1D92A8}.Release|Any CPU.ActiveCfg = Release|Any CPU
		{667DC81D-3497-49F4-B38B-3A012C1D92A8}.Release|Any CPU.Build.0 = Release|Any CPU
	EndGlobalSection
	GlobalSection(SolutionProperties) = preSolution
		HideSolutionNode = FALSE
	EndGlobalSection
	GlobalSection(ExtensibilityGlobals) = postSolution
		SolutionGuid = {D24A759F-3379-41B5-ABF0-187D411888DE}
	EndGlobalSection
EndGlobal
